
Microsoft Visual Studio Solution File, Format Version 12.00
# Visual Studio 15
VisualStudioVersion = 15.0.26430.13
MinimumVisualStudioVersion = 10.0.40219.1
Project("{8BC9CEB8-8B4A-11D0-8D11-00A0C91BC942}") = "Lab2", "Lab2\Lab2.vcxproj", "{3C42D0AF-8D56-4414-B305-034B3314BCAA}"
EndProject
Project("{8BC9CEB8-8B4A-11D0-8D11-00A0C91BC942}") = "Lab3", "Lab3\Lab3.vcxproj", "{8015F09D-53ED-423B-BF00-105049CD095D}"
EndProject
Project("{8BC9CEB8-8B4A-11D0-8D11-00A0C91BC942}") = "Lab4", "Lab4\Lab4.vcxproj", "{44C55C61-6085-45E5-88DD-7806EBF06578}"
EndProject
Project("{8BC9CEB8-8B4A-11D0-8D11-00A0C91BC942}") = "Lab5", "Lab5\Lab5.vcxproj", "{3C9E8DA8-BDC0-4D77-A40A-B5A8FC246582}"
EndProject
Project("{8BC9CEB8-8B4A-11D0-8D11-00A0C91BC942}") = "Lab6_Slave", "Lab6_Slave\Lab6_Slave.vcxproj", "{A338136A-8F6E-4049-B322-88F2E4114C98}"
EndProject
Project("{8BC9CEB8-8B4A-11D0-8D11-00A0C91BC942}") = "Lab6_Master", "Lab6_Master\Lab6_Master.vcxproj", "{A5EB9934-60D0-4A43-BF79-85435643F6EC}"
EndProject
Project("{8BC9CEB8-8B4A-11D0-8D11-00A0C91BC942}") = "Lab7", "Lab7\Lab7.vcxproj", "{F560A071-8D5C-4934-8283-8B61200CF19E}"
EndProject
Project("{8BC9CEB8-8B4A-11D0-8D11-00A0C91BC942}") = "Lab8", "Lab8\Lab8.vcxproj", "{00F7F602-48E8-45E9-B528-400107DC3FFD}"
EndProject
Global
	GlobalSection(SolutionConfigurationPlatforms) = preSolution
		Debug|x64 = Debug|x64
		Debug|x86 = Debug|x86
		Release|x64 = Release|x64
		Release|x86 = Release|x86
	EndGlobalSection
	GlobalSection(ProjectConfigurationPlatforms) = postSolution
		{3C42D0AF-8D56-4414-B305-034B3314BCAA}.Debug|x64.ActiveCfg = Debug|x64
		{3C42D0AF-8D56-4414-B305-034B3314BCAA}.Debug|x64.Build.0 = Debug|x64
		{3C42D0AF-8D56-4414-B305-034B3314BCAA}.Debug|x86.ActiveCfg = Debug|Win32
		{3C42D0AF-8D56-4414-B305-034B3314BCAA}.Debug|x86.Build.0 = Debug|Win32
		{3C42D0AF-8D56-4414-B305-034B3314BCAA}.Release|x64.ActiveCfg = Release|x64
		{3C42D0AF-8D56-4414-B305-034B3314BCAA}.Release|x64.Build.0 = Release|x64
		{3C42D0AF-8D56-4414-B305-034B3314BCAA}.Release|x86.ActiveCfg = Release|Win32
		{3C42D0AF-8D56-4414-B305-034B3314BCAA}.Release|x86.Build.0 = Release|Win32
		{8015F09D-53ED-423B-BF00-105049CD095D}.Debug|x64.ActiveCfg = Debug|x64
		{8015F09D-53ED-423B-BF00-105049CD095D}.Debug|x64.Build.0 = Debug|x64
		{8015F09D-53ED-423B-BF00-105049CD095D}.Debug|x86.ActiveCfg = Debug|Win32
		{8015F09D-53ED-423B-BF00-105049CD095D}.Debug|x86.Build.0 = Debug|Win32
		{8015F09D-53ED-423B-BF00-105049CD095D}.Release|x64.ActiveCfg = Release|x64
		{8015F09D-53ED-423B-BF00-105049CD095D}.Release|x64.Build.0 = Release|x64
		{8015F09D-53ED-423B-BF00-105049CD095D}.Release|x86.ActiveCfg = Release|Win32
		{8015F09D-53ED-423B-BF00-105049CD095D}.Release|x86.Build.0 = Release|Win32
		{44C55C61-6085-45E5-88DD-7806EBF06578}.Debug|x64.ActiveCfg = Debug|x64
		{44C55C61-6085-45E5-88DD-7806EBF06578}.Debug|x64.Build.0 = Debug|x64
		{44C55C61-6085-45E5-88DD-7806EBF06578}.Debug|x86.ActiveCfg = Debug|Win32
		{44C55C61-6085-45E5-88DD-7806EBF06578}.Debug|x86.Build.0 = Debug|Win32
		{44C55C61-6085-45E5-88DD-7806EBF06578}.Release|x64.ActiveCfg = Release|x64
		{44C55C61-6085-45E5-88DD-7806EBF06578}.Release|x64.Build.0 = Release|x64
		{44C55C61-6085-45E5-88DD-7806EBF06578}.Release|x86.ActiveCfg = Release|Win32
		{44C55C61-6085-45E5-88DD-7806EBF06578}.Release|x86.Build.0 = Release|Win32
		{3C9E8DA8-BDC0-4D77-A40A-B5A8FC246582}.Debug|x64.ActiveCfg = Debug|x64
		{3C9E8DA8-BDC0-4D77-A40A-B5A8FC246582}.Debug|x64.Build.0 = Debug|x64
		{3C9E8DA8-BDC0-4D77-A40A-B5A8FC246582}.Debug|x86.ActiveCfg = Debug|Win32
		{3C9E8DA8-BDC0-4D77-A40A-B5A8FC246582}.Debug|x86.Build.0 = Debug|Win32
		{3C9E8DA8-BDC0-4D77-A40A-B5A8FC246582}.Release|x64.ActiveCfg = Release|x64
		{3C9E8DA8-BDC0-4D77-A40A-B5A8FC246582}.Release|x64.Build.0 = Release|x64
		{3C9E8DA8-BDC0-4D77-A40A-B5A8FC246582}.Release|x86.ActiveCfg = Release|Win32
		{3C9E8DA8-BDC0-4D77-A40A-B5A8FC246582}.Release|x86.Build.0 = Release|Win32
		{A338136A-8F6E-4049-B322-88F2E4114C98}.Debug|x64.ActiveCfg = Debug|x64
		{A338136A-8F6E-4049-B322-88F2E4114C98}.Debug|x64.Build.0 = Debug|x64
		{A338136A-8F6E-4049-B322-88F2E4114C98}.Debug|x86.ActiveCfg = Debug|Win32
		{A338136A-8F6E-4049-B322-88F2E4114C98}.Debug|x86.Build.0 = Debug|Win32
		{A338136A-8F6E-4049-B322-88F2E4114C98}.Release|x64.ActiveCfg = Release|x64
		{A338136A-8F6E-4049-B322-88F2E4114C98}.Release|x64.Build.0 = Release|x64
		{A338136A-8F6E-4049-B322-88F2E4114C98}.Release|x86.ActiveCfg = Release|Win32
		{A338136A-8F6E-4049-B322-88F2E4114C98}.Release|x86.Build.0 = Release|Win32
		{A5EB9934-60D0-4A43-BF79-85435643F6EC}.Debug|x64.ActiveCfg = Debug|x64
		{A5EB9934-60D0-4A43-BF79-85435643F6EC}.Debug|x64.Build.0 = Debug|x64
		{A5EB9934-60D0-4A43-BF79-85435643F6EC}.Debug|x86.ActiveCfg = Debug|Win32
		{A5EB9934-60D0-4A43-BF79-85435643F6EC}.Debug|x86.Build.0 = Debug|Win32
		{A5EB9934-60D0-4A43-BF79-85435643F6EC}.Release|x64.ActiveCfg = Release|x64
		{A5EB9934-60D0-4A43-BF79-85435643F6EC}.Release|x64.Build.0 = Release|x64
		{A5EB9934-60D0-4A43-BF79-85435643F6EC}.Release|x86.ActiveCfg = Release|Win32
		{A5EB9934-60D0-4A43-BF79-85435643F6EC}.Release|x86.Build.0 = Release|Win32
		{F560A071-8D5C-4934-8283-8B61200CF19E}.Debug|x64.ActiveCfg = Debug|x64
		{F560A071-8D5C-4934-8283-8B61200CF19E}.Debug|x64.Build.0 = Debug|x64
		{F560A071-8D5C-4934-8283-8B61200CF19E}.Debug|x86.ActiveCfg = Debug|Win32
		{F560A071-8D5C-4934-8283-8B61200CF19E}.Debug|x86.Build.0 = Debug|Win32
		{F560A071-8D5C-4934-8283-8B61200CF19E}.Release|x64.ActiveCfg = Release|x64
		{F560A071-8D5C-4934-8283-8B61200CF19E}.Release|x64.Build.0 = Release|x64
		{F560A071-8D5C-4934-8283-8B61200CF19E}.Release|x86.ActiveCfg = Release|Win32
		{F560A071-8D5C-4934-8283-8B61200CF19E}.Release|x86.Build.0 = Release|Win32
		{00F7F602-48E8-45E9-B528-400107DC3FFD}.Debug|x64.ActiveCfg = Debug|x64
		{00F7F602-48E8-45E9-B528-400107DC3FFD}.Debug|x64.Build.0 = Debug|x64
		{00F7F602-48E8-45E9-B528-400107DC3FFD}.Debug|x86.ActiveCfg = Debug|Win32
		{00F7F602-48E8-45E9-B528-400107DC3FFD}.Debug|x86.Build.0 = Debug|Win32
		{00F7F602-48E8-45E9-B528-400107DC3FFD}.Release|x64.ActiveCfg = Release|x64
		{00F7F602-48E8-45E9-B528-400107DC3FFD}.Release|x64.Build.0 = Release|x64
		{00F7F602-48E8-45E9-B528-400107DC3FFD}.Release|x86.ActiveCfg = Release|Win32
		{00F7F602-48E8-45E9-B528-400107DC3FFD}.Release|x86.Build.0 = Release|Win32
	EndGlobalSection
	GlobalSection(SolutionProperties) = preSolution
		HideSolutionNode = FALSE
	EndGlobalSection
EndGlobal
